{
  "version": 4,
  "terraform_version": "1.7.4",
  "serial": 26,
  "lineage": "9cc50536-8b8f-f0f7-c866-aeb38ab3e8c4",
  "outputs": {},
  "resources": [
    {
      "mode": "data",
      "type": "azuread_client_config",
      "name": "current",
      "provider": "provider[\"registry.terraform.io/hashicorp/azuread\"]",
      "instances": [
        {
          "schema_version": 0,
          "attributes": {
            "client_id": "04b07795-8ddb-461a-bbee-02f9e1bf7b46",
            "id": "66093df2-672d-4142-a273-5abd253fed7c-04b07795-8ddb-461a-bbee-02f9e1bf7b46-787d1678-0529-4ae7-96bd-e3e5b17e36a5",
            "object_id": "787d1678-0529-4ae7-96bd-e3e5b17e36a5",
            "tenant_id": "66093df2-672d-4142-a273-5abd253fed7c",
            "timeouts": null
          },
          "sensitive_attributes": []
        }
      ]
    },
    {
      "mode": "data",
      "type": "azuread_group",
      "name": "aad_group",
      "provider": "provider[\"registry.terraform.io/hashicorp/azuread\"]",
      "instances": [
        {
          "schema_version": 0,
          "attributes": {
            "assignable_to_role": true,
            "auto_subscribe_new_members": false,
            "behaviors": [],
            "description": "avd-test",
            "display_name": "avd-test",
            "dynamic_membership": [],
            "external_senders_allowed": false,
            "hide_from_address_lists": false,
            "hide_from_outlook_clients": false,
            "id": "bcd547e8-bade-4e5b-903e-101d88eed3e3",
            "include_transitive_members": false,
            "mail": "",
            "mail_enabled": false,
            "mail_nickname": "00000000-0000-0000-0000-000000000000",
            "members": [
              "0986d082-203d-4d5e-a6a1-1c24ff316a98"
            ],
            "object_id": "bcd547e8-bade-4e5b-903e-101d88eed3e3",
            "onpremises_domain_name": "",
            "onpremises_group_type": "",
            "onpremises_netbios_name": "",
            "onpremises_sam_account_name": "",
            "onpremises_security_identifier": "",
            "onpremises_sync_enabled": false,
            "owners": [
              "0986d082-203d-4d5e-a6a1-1c24ff316a98"
            ],
            "preferred_language": "",
            "provisioning_options": [],
            "proxy_addresses": [],
            "security_enabled": true,
            "theme": "",
            "timeouts": null,
            "types": [],
            "visibility": "Private",
            "writeback_enabled": false
          },
          "sensitive_attributes": []
        }
      ]
    },
    {
      "mode": "managed",
      "type": "azurerm_network_interface",
      "name": "sessionhost_nic",
      "provider": "provider[\"registry.terraform.io/hashicorp/azurerm\"]",
      "instances": [
        {
          "index_key": 0,
          "schema_version": 0,
          "attributes": {
            "applied_dns_servers": [],
            "dns_servers": [],
            "edge_zone": "",
            "enable_accelerated_networking": false,
            "enable_ip_forwarding": false,
            "id": "/subscriptions/7647aa49-8bab-4d06-ab57-a8182cbfe225/resourceGroups/rj-avd/providers/Microsoft.Network/networkInterfaces/nic-rj-avd-0",
            "internal_dns_name_label": "",
            "internal_domain_name_suffix": "wniudy2wgfqevcjvdzg45mxukg.bx.internal.cloudapp.net",
            "ip_configuration": [
              {
                "gateway_load_balancer_frontend_ip_configuration_id": "",
                "name": "internal",
                "primary": true,
                "private_ip_address": "10.0.0.4",
                "private_ip_address_allocation": "Dynamic",
                "private_ip_address_version": "IPv4",
                "public_ip_address_id": "/subscriptions/7647aa49-8bab-4d06-ab57-a8182cbfe225/resourceGroups/rj-avd/providers/Microsoft.Network/publicIPAddresses/pip-avd-0",
                "subnet_id": "/subscriptions/7647aa49-8bab-4d06-ab57-a8182cbfe225/resourceGroups/rj-avd/providers/Microsoft.Network/virtualNetworks/vnet-avd/subnets/subnet-avd"
              }
            ],
            "location": "eastus",
            "mac_address": "",
            "name": "nic-rj-avd-0",
            "private_ip_address": "10.0.0.4",
            "private_ip_addresses": [
              "10.0.0.4"
            ],
            "resource_group_name": "rj-avd",
            "tags": null,
            "timeouts": null,
            "virtual_machine_id": ""
          },
          "sensitive_attributes": [],
          "private": "eyJlMmJmYjczMC1lY2FhLTExZTYtOGY4OC0zNDM2M2JjN2M0YzAiOnsiY3JlYXRlIjoxODAwMDAwMDAwMDAwLCJkZWxldGUiOjE4MDAwMDAwMDAwMDAsInJlYWQiOjMwMDAwMDAwMDAwMCwidXBkYXRlIjoxODAwMDAwMDAwMDAwfX0=",
          "dependencies": [
            "azurerm_public_ip.pip",
            "azurerm_resource_group.rg-avd",
            "azurerm_subnet.defaultSubnet",
            "azurerm_virtual_network.vnet"
          ]
        },
        {
          "index_key": 1,
          "schema_version": 0,
          "attributes": {
            "applied_dns_servers": [],
            "dns_servers": [],
            "edge_zone": "",
            "enable_accelerated_networking": false,
            "enable_ip_forwarding": false,
            "id": "/subscriptions/7647aa49-8bab-4d06-ab57-a8182cbfe225/resourceGroups/rj-avd/providers/Microsoft.Network/networkInterfaces/nic-rj-avd-1",
            "internal_dns_name_label": "",
            "internal_domain_name_suffix": "wniudy2wgfqevcjvdzg45mxukg.bx.internal.cloudapp.net",
            "ip_configuration": [
              {
                "gateway_load_balancer_frontend_ip_configuration_id": "",
                "name": "internal",
                "primary": true,
                "private_ip_address": "10.0.0.5",
                "private_ip_address_allocation": "Dynamic",
                "private_ip_address_version": "IPv4",
                "public_ip_address_id": "/subscriptions/7647aa49-8bab-4d06-ab57-a8182cbfe225/resourceGroups/rj-avd/providers/Microsoft.Network/publicIPAddresses/pip-avd-1",
                "subnet_id": "/subscriptions/7647aa49-8bab-4d06-ab57-a8182cbfe225/resourceGroups/rj-avd/providers/Microsoft.Network/virtualNetworks/vnet-avd/subnets/subnet-avd"
              }
            ],
            "location": "eastus",
            "mac_address": "",
            "name": "nic-rj-avd-1",
            "private_ip_address": "10.0.0.5",
            "private_ip_addresses": [
              "10.0.0.5"
            ],
            "resource_group_name": "rj-avd",
            "tags": null,
            "timeouts": null,
            "virtual_machine_id": ""
          },
          "sensitive_attributes": [],
          "private": "eyJlMmJmYjczMC1lY2FhLTExZTYtOGY4OC0zNDM2M2JjN2M0YzAiOnsiY3JlYXRlIjoxODAwMDAwMDAwMDAwLCJkZWxldGUiOjE4MDAwMDAwMDAwMDAsInJlYWQiOjMwMDAwMDAwMDAwMCwidXBkYXRlIjoxODAwMDAwMDAwMDAwfX0=",
          "dependencies": [
            "azurerm_public_ip.pip",
            "azurerm_resource_group.rg-avd",
            "azurerm_subnet.defaultSubnet",
            "azurerm_virtual_network.vnet"
          ]
        }
      ]
    },
    {
      "mode": "managed",
      "type": "azurerm_network_security_group",
      "name": "nsg",
      "provider": "provider[\"registry.terraform.io/hashicorp/azurerm\"]",
      "instances": [
        {
          "schema_version": 0,
          "attributes": {
            "id": "/subscriptions/7647aa49-8bab-4d06-ab57-a8182cbfe225/resourceGroups/rj-avd/providers/Microsoft.Network/networkSecurityGroups/nsg-avd",
            "location": "eastus",
            "name": "nsg-avd",
            "resource_group_name": "rj-avd",
            "security_rule": [
              {
                "access": "Allow",
                "description": "",
                "destination_address_prefix": "*",
                "destination_address_prefixes": [],
                "destination_application_security_group_ids": [],
                "destination_port_range": "3389",
                "destination_port_ranges": [],
                "direction": "Inbound",
                "name": "allow-rdp",
                "priority": 100,
                "protocol": "Tcp",
                "source_address_prefix": "*",
                "source_address_prefixes": [],
                "source_application_security_group_ids": [],
                "source_port_range": "*",
                "source_port_ranges": []
              }
            ],
            "tags": null,
            "timeouts": null
          },
          "sensitive_attributes": [],
          "private": "eyJlMmJmYjczMC1lY2FhLTExZTYtOGY4OC0zNDM2M2JjN2M0YzAiOnsiY3JlYXRlIjoxODAwMDAwMDAwMDAwLCJkZWxldGUiOjE4MDAwMDAwMDAwMDAsInJlYWQiOjMwMDAwMDAwMDAwMCwidXBkYXRlIjoxODAwMDAwMDAwMDAwfX0=",
          "dependencies": [
            "azurerm_resource_group.rg-avd"
          ]
        }
      ]
    },
    {
      "mode": "managed",
      "type": "azurerm_public_ip",
      "name": "pip",
      "provider": "provider[\"registry.terraform.io/hashicorp/azurerm\"]",
      "instances": [
        {
          "index_key": 0,
          "schema_version": 0,
          "attributes": {
            "allocation_method": "Static",
            "ddos_protection_mode": "VirtualNetworkInherited",
            "ddos_protection_plan_id": null,
            "domain_name_label": null,
            "edge_zone": "",
            "fqdn": null,
            "id": "/subscriptions/7647aa49-8bab-4d06-ab57-a8182cbfe225/resourceGroups/rj-avd/providers/Microsoft.Network/publicIPAddresses/pip-avd-0",
            "idle_timeout_in_minutes": 4,
            "ip_address": "13.90.169.61",
            "ip_tags": null,
            "ip_version": "IPv4",
            "location": "eastus",
            "name": "pip-avd-0",
            "public_ip_prefix_id": null,
            "resource_group_name": "rj-avd",
            "reverse_fqdn": null,
            "sku": "Standard",
            "sku_tier": "Regional",
            "tags": null,
            "timeouts": null,
            "zones": null
          },
          "sensitive_attributes": [],
          "private": "eyJlMmJmYjczMC1lY2FhLTExZTYtOGY4OC0zNDM2M2JjN2M0YzAiOnsiY3JlYXRlIjoxODAwMDAwMDAwMDAwLCJkZWxldGUiOjE4MDAwMDAwMDAwMDAsInJlYWQiOjMwMDAwMDAwMDAwMCwidXBkYXRlIjoxODAwMDAwMDAwMDAwfX0=",
          "dependencies": [
            "azurerm_resource_group.rg-avd"
          ]
        },
        {
          "index_key": 1,
          "schema_version": 0,
          "attributes": {
            "allocation_method": "Static",
            "ddos_protection_mode": "VirtualNetworkInherited",
            "ddos_protection_plan_id": null,
            "domain_name_label": null,
            "edge_zone": "",
            "fqdn": null,
            "id": "/subscriptions/7647aa49-8bab-4d06-ab57-a8182cbfe225/resourceGroups/rj-avd/providers/Microsoft.Network/publicIPAddresses/pip-avd-1",
            "idle_timeout_in_minutes": 4,
            "ip_address": "13.92.59.101",
            "ip_tags": null,
            "ip_version": "IPv4",
            "location": "eastus",
            "name": "pip-avd-1",
            "public_ip_prefix_id": null,
            "resource_group_name": "rj-avd",
            "reverse_fqdn": null,
            "sku": "Standard",
            "sku_tier": "Regional",
            "tags": null,
            "timeouts": null,
            "zones": null
          },
          "sensitive_attributes": [],
          "private": "eyJlMmJmYjczMC1lY2FhLTExZTYtOGY4OC0zNDM2M2JjN2M0YzAiOnsiY3JlYXRlIjoxODAwMDAwMDAwMDAwLCJkZWxldGUiOjE4MDAwMDAwMDAwMDAsInJlYWQiOjMwMDAwMDAwMDAwMCwidXBkYXRlIjoxODAwMDAwMDAwMDAwfX0=",
          "dependencies": [
            "azurerm_resource_group.rg-avd"
          ]
        }
      ]
    },
    {
      "mode": "managed",
      "type": "azurerm_resource_group",
      "name": "rg-avd",
      "provider": "provider[\"registry.terraform.io/hashicorp/azurerm\"]",
      "instances": [
        {
          "schema_version": 0,
          "attributes": {
            "id": "/subscriptions/7647aa49-8bab-4d06-ab57-a8182cbfe225/resourceGroups/rj-avd",
            "location": "eastus",
            "name": "rj-avd",
            "tags": null,
            "timeouts": null
          },
          "sensitive_attributes": [],
          "private": "eyJlMmJmYjczMC1lY2FhLTExZTYtOGY4OC0zNDM2M2JjN2M0YzAiOnsiY3JlYXRlIjo1NDAwMDAwMDAwMDAwLCJkZWxldGUiOjU0MDAwMDAwMDAwMDAsInJlYWQiOjMwMDAwMDAwMDAwMCwidXBkYXRlIjo1NDAwMDAwMDAwMDAwfX0="
        }
      ]
    },
    {
      "mode": "managed",
      "type": "azurerm_role_assignment",
      "name": "vm_admin_role",
      "provider": "provider[\"registry.terraform.io/hashicorp/azurerm\"]",
      "instances": [
        {
          "schema_version": 0,
          "attributes": {
            "condition": "",
            "condition_version": "",
            "delegated_managed_identity_resource_id": "",
            "description": "",
            "id": "/subscriptions/7647aa49-8bab-4d06-ab57-a8182cbfe225/resourceGroups/rj-avd/providers/Microsoft.Authorization/roleAssignments/28edb7fc-78d5-cf84-95c2-25fbf51e8cff",
            "name": "28edb7fc-78d5-cf84-95c2-25fbf51e8cff",
            "principal_id": "bcd547e8-bade-4e5b-903e-101d88eed3e3",
            "principal_type": "Group",
            "role_definition_id": "/subscriptions/7647aa49-8bab-4d06-ab57-a8182cbfe225/providers/Microsoft.Authorization/roleDefinitions/1c0163c0-47e6-4577-8991-ea5c82e286e4",
            "role_definition_name": "Virtual Machine Administrator Login",
            "scope": "/subscriptions/7647aa49-8bab-4d06-ab57-a8182cbfe225/resourceGroups/rj-avd",
            "skip_service_principal_aad_check": null,
            "timeouts": null
          },
          "sensitive_attributes": [],
          "private": "eyJlMmJmYjczMC1lY2FhLTExZTYtOGY4OC0zNDM2M2JjN2M0YzAiOnsiY3JlYXRlIjoxODAwMDAwMDAwMDAwLCJkZWxldGUiOjE4MDAwMDAwMDAwMDAsInJlYWQiOjMwMDAwMDAwMDAwMCwidXBkYXRlIjoxODAwMDAwMDAwMDAwfX0=",
          "dependencies": [
            "azurerm_resource_group.rg-avd",
            "data.azuread_group.aad_group"
          ]
        }
      ]
    },
    {
      "mode": "managed",
      "type": "azurerm_role_assignment",
      "name": "vm_user_role",
      "provider": "provider[\"registry.terraform.io/hashicorp/azurerm\"]",
      "instances": [
        {
          "schema_version": 0,
          "attributes": {
            "condition": "",
            "condition_version": "",
            "delegated_managed_identity_resource_id": "",
            "description": "",
            "id": "/subscriptions/7647aa49-8bab-4d06-ab57-a8182cbfe225/resourceGroups/rj-avd/providers/Microsoft.Authorization/roleAssignments/faacc652-694e-067e-3537-d98258a1863e",
            "name": "faacc652-694e-067e-3537-d98258a1863e",
            "principal_id": "bcd547e8-bade-4e5b-903e-101d88eed3e3",
            "principal_type": "Group",
            "role_definition_id": "/subscriptions/7647aa49-8bab-4d06-ab57-a8182cbfe225/providers/Microsoft.Authorization/roleDefinitions/fb879df8-f326-4884-b1cf-06f3ad86be52",
            "role_definition_name": "Virtual Machine User Login",
            "scope": "/subscriptions/7647aa49-8bab-4d06-ab57-a8182cbfe225/resourceGroups/rj-avd",
            "skip_service_principal_aad_check": null,
            "timeouts": null
          },
          "sensitive_attributes": [],
          "private": "eyJlMmJmYjczMC1lY2FhLTExZTYtOGY4OC0zNDM2M2JjN2M0YzAiOnsiY3JlYXRlIjoxODAwMDAwMDAwMDAwLCJkZWxldGUiOjE4MDAwMDAwMDAwMDAsInJlYWQiOjMwMDAwMDAwMDAwMCwidXBkYXRlIjoxODAwMDAwMDAwMDAwfX0=",
          "dependencies": [
            "azurerm_resource_group.rg-avd",
            "data.azuread_group.aad_group"
          ]
        }
      ]
    },
    {
      "mode": "managed",
      "type": "azurerm_subnet",
      "name": "defaultSubnet",
      "provider": "provider[\"registry.terraform.io/hashicorp/azurerm\"]",
      "instances": [
        {
          "schema_version": 0,
          "attributes": {
            "address_prefixes": [
              "10.0.0.0/24"
            ],
            "delegation": [],
            "enforce_private_link_endpoint_network_policies": false,
            "enforce_private_link_service_network_policies": false,
            "id": "/subscriptions/7647aa49-8bab-4d06-ab57-a8182cbfe225/resourceGroups/rj-avd/providers/Microsoft.Network/virtualNetworks/vnet-avd/subnets/subnet-avd",
            "name": "subnet-avd",
            "private_endpoint_network_policies_enabled": true,
            "private_link_service_network_policies_enabled": true,
            "resource_group_name": "rj-avd",
            "service_endpoint_policy_ids": null,
            "service_endpoints": null,
            "timeouts": null,
            "virtual_network_name": "vnet-avd"
          },
          "sensitive_attributes": [],
          "private": "eyJlMmJmYjczMC1lY2FhLTExZTYtOGY4OC0zNDM2M2JjN2M0YzAiOnsiY3JlYXRlIjoxODAwMDAwMDAwMDAwLCJkZWxldGUiOjE4MDAwMDAwMDAwMDAsInJlYWQiOjMwMDAwMDAwMDAwMCwidXBkYXRlIjoxODAwMDAwMDAwMDAwfX0=",
          "dependencies": [
            "azurerm_resource_group.rg-avd",
            "azurerm_virtual_network.vnet"
          ]
        }
      ]
    },
    {
      "mode": "managed",
      "type": "azurerm_subnet_network_security_group_association",
      "name": "nsg_association",
      "provider": "provider[\"registry.terraform.io/hashicorp/azurerm\"]",
      "instances": [
        {
          "schema_version": 0,
          "attributes": {
            "id": "/subscriptions/7647aa49-8bab-4d06-ab57-a8182cbfe225/resourceGroups/rj-avd/providers/Microsoft.Network/virtualNetworks/vnet-avd/subnets/subnet-avd",
            "network_security_group_id": "/subscriptions/7647aa49-8bab-4d06-ab57-a8182cbfe225/resourceGroups/rj-avd/providers/Microsoft.Network/networkSecurityGroups/nsg-avd",
            "subnet_id": "/subscriptions/7647aa49-8bab-4d06-ab57-a8182cbfe225/resourceGroups/rj-avd/providers/Microsoft.Network/virtualNetworks/vnet-avd/subnets/subnet-avd",
            "timeouts": null
          },
          "sensitive_attributes": [],
          "private": "eyJlMmJmYjczMC1lY2FhLTExZTYtOGY4OC0zNDM2M2JjN2M0YzAiOnsiY3JlYXRlIjoxODAwMDAwMDAwMDAwLCJkZWxldGUiOjE4MDAwMDAwMDAwMDAsInJlYWQiOjMwMDAwMDAwMDAwMCwidXBkYXRlIjoxODAwMDAwMDAwMDAwfX0=",
          "dependencies": [
            "azurerm_network_security_group.nsg",
            "azurerm_resource_group.rg-avd",
            "azurerm_subnet.defaultSubnet",
            "azurerm_virtual_network.vnet"
          ]
        }
      ]
    },
    {
      "mode": "managed",
      "type": "azurerm_virtual_desktop_application_group",
      "name": "desktopapp",
      "provider": "provider[\"registry.terraform.io/hashicorp/azurerm\"]",
      "instances": [
        {
          "schema_version": 1,
          "attributes": {
            "default_desktop_display_name": "",
            "description": "rj avd application group",
            "friendly_name": "avd-appgroup",
            "host_pool_id": "/subscriptions/7647aa49-8bab-4d06-ab57-a8182cbfe225/resourceGroups/rj-avd/providers/Microsoft.DesktopVirtualization/hostPools/avdhostpool",
            "id": "/subscriptions/7647aa49-8bab-4d06-ab57-a8182cbfe225/resourceGroups/rj-avd/providers/Microsoft.DesktopVirtualization/applicationGroups/Desktop-avd",
            "location": "eastus",
            "name": "Desktop-avd",
            "resource_group_name": "rj-avd",
            "tags": null,
            "timeouts": null,
            "type": "Desktop"
          },
          "sensitive_attributes": [],
          "private": "eyJlMmJmYjczMC1lY2FhLTExZTYtOGY4OC0zNDM2M2JjN2M0YzAiOnsiY3JlYXRlIjozNjAwMDAwMDAwMDAwLCJkZWxldGUiOjM2MDAwMDAwMDAwMDAsInJlYWQiOjMwMDAwMDAwMDAwMCwidXBkYXRlIjozNjAwMDAwMDAwMDAwfSwic2NoZW1hX3ZlcnNpb24iOiIxIn0=",
          "dependencies": [
            "azurerm_resource_group.rg-avd",
            "azurerm_virtual_desktop_host_pool.avd-hp"
          ]
        }
      ]
    },
    {
      "mode": "managed",
      "type": "azurerm_virtual_desktop_host_pool",
      "name": "avd-hp",
      "provider": "provider[\"registry.terraform.io/hashicorp/azurerm\"]",
      "instances": [
        {
          "schema_version": 1,
          "attributes": {
            "custom_rdp_properties": "audiocapturemode:i:1;audiomode:i:0;targetisaadjoined:i:1;",
            "description": "ansu host-poool demo",
            "friendly_name": "rjpool",
            "id": "/subscriptions/7647aa49-8bab-4d06-ab57-a8182cbfe225/resourceGroups/rj-avd/providers/Microsoft.DesktopVirtualization/hostPools/avdhostpool",
            "load_balancer_type": "BreadthFirst",
            "location": "eastus",
            "maximum_sessions_allowed": 10,
            "name": "avdhostpool",
            "personal_desktop_assignment_type": "",
            "preferred_app_group_type": "Desktop",
            "resource_group_name": "rj-avd",
            "scheduled_agent_updates": [],
            "start_vm_on_connect": true,
            "tags": null,
            "timeouts": null,
            "type": "Pooled",
            "validate_environment": true
          },
          "sensitive_attributes": [],
          "private": "eyJlMmJmYjczMC1lY2FhLTExZTYtOGY4OC0zNDM2M2JjN2M0YzAiOnsiY3JlYXRlIjozNjAwMDAwMDAwMDAwLCJkZWxldGUiOjM2MDAwMDAwMDAwMDAsInJlYWQiOjMwMDAwMDAwMDAwMCwidXBkYXRlIjozNjAwMDAwMDAwMDAwfSwic2NoZW1hX3ZlcnNpb24iOiIxIn0=",
          "dependencies": [
            "azurerm_resource_group.rg-avd"
          ]
        }
      ]
    },
    {
      "mode": "managed",
      "type": "azurerm_virtual_desktop_host_pool_registration_info",
      "name": "registration_info",
      "provider": "provider[\"registry.terraform.io/hashicorp/azurerm\"]",
      "instances": [
        {
          "schema_version": 0,
          "attributes": {
            "expiration_date": "2025-02-20T04:00:00Z",
            "hostpool_id": "/subscriptions/7647aa49-8bab-4d06-ab57-a8182cbfe225/resourceGroups/rj-avd/providers/Microsoft.DesktopVirtualization/hostPools/avdhostpool",
            "id": "/subscriptions/7647aa49-8bab-4d06-ab57-a8182cbfe225/resourceGroups/rj-avd/providers/Microsoft.DesktopVirtualization/hostPools/avdhostpool/registrationInfo/default",
            "timeouts": null,
            "token": "eyJhbGciOiJSUzI1NiIsImtpZCI6IkVEOTg0NzBDQ0QwNDBCNDBFRDkwNTIyQTAxQkNCMUY4M0UwQjkyNzEiLCJ0eXAiOiJKV1QifQ.eyJSZWdpc3RyYXRpb25JZCI6ImYzOWNkOTI5LTg3OTYtNGExNy1iODA2LTQzOTJiZTEwMTQ2OCIsIkJyb2tlclVyaSI6Imh0dHBzOi8vcmRicm9rZXItZy11cy1yMC53dmQubWljcm9zb2Z0LmNvbS8iLCJEaWFnbm9zdGljc1VyaSI6Imh0dHBzOi8vcmRkaWFnbm9zdGljcy1nLXVzLXIwLnd2ZC5taWNyb3NvZnQuY29tLyIsIkVuZHBvaW50UG9vbElkIjoiMTIzMzMxMjItMGE1YS00ZjUwLTgxMzQtOTAyNDZmNTFjOGIxIiwiR2xvYmFsQnJva2VyVXJpIjoiaHR0cHM6Ly9yZGJyb2tlci53dmQubWljcm9zb2Z0LmNvbS8iLCJHZW9ncmFwaHkiOiJVUyIsIkdsb2JhbEJyb2tlclJlc291cmNlSWRVcmkiOiJodHRwczovLzEyMzMzMTIyLTBhNWEtNGY1MC04MTM0LTkwMjQ2ZjUxYzhiMS5yZGJyb2tlci53dmQubWljcm9zb2Z0LmNvbS8iLCJCcm9rZXJSZXNvdXJjZUlkVXJpIjoiaHR0cHM6Ly8xMjMzMzEyMi0wYTVhLTRmNTAtODEzNC05MDI0NmY1MWM4YjEucmRicm9rZXItZy11cy1yMC53dmQubWljcm9zb2Z0LmNvbS8iLCJEaWFnbm9zdGljc1Jlc291cmNlSWRVcmkiOiJodHRwczovLzEyMzMzMTIyLTBhNWEtNGY1MC04MTM0LTkwMjQ2ZjUxYzhiMS5yZGRpYWdub3N0aWNzLWctdXMtcjAud3ZkLm1pY3Jvc29mdC5jb20vIiwiQUFEVGVuYW50SWQiOiI2NjA5M2RmMi02NzJkLTQxNDItYTI3My01YWJkMjUzZmVkN2MiLCJuYmYiOjE3Mzc2ODUxMTMsImV4cCI6MTc0MDAyNDAwMCwiaXNzIjoiUkRJbmZyYVRva2VuTWFuYWdlciIsImF1ZCI6IlJEbWkifQ.B6jQQvLOJxet1an0RSa4HADQ6yWKf7jjpuMoFJthc-3TAw7G3kNOsYEIdsNplZGR1KQOapqjz3W0gmD6bcKeXb52KfwNkI4ab9DzVjU5cHWD0j96Q6YYCP7QxcCo-v9e9iIxnbC9vOsfpxqXwhuk1d2UcX0P5bOAkl6n6_2VdUsvjQCBb08nlagJXI1qkvgxAg_s5D0fLxS1j72mKMHMxvfCMdoU0MDZizaKWhbnWIFKstEHmJOl66DUwrieeGC_L9rOW8IOkYSpuKBSQoa1y_IER93aaj7TO_k4aeTZgj-qcWkRjkeNRFbeb9POLxAmtYxF_4Y45CoNRLCCEfv43A"
          },
          "sensitive_attributes": [],
          "private": "eyJlMmJmYjczMC1lY2FhLTExZTYtOGY4OC0zNDM2M2JjN2M0YzAiOnsiY3JlYXRlIjoxODAwMDAwMDAwMDAwLCJkZWxldGUiOjE4MDAwMDAwMDAwMDAsInJlYWQiOjMwMDAwMDAwMDAwMCwidXBkYXRlIjoxODAwMDAwMDAwMDAwfX0=",
          "dependencies": [
            "azurerm_resource_group.rg-avd",
            "azurerm_virtual_desktop_host_pool.avd-hp"
          ]
        }
      ]
    },
    {
      "mode": "managed",
      "type": "azurerm_virtual_desktop_workspace",
      "name": "workspace",
      "provider": "provider[\"registry.terraform.io/hashicorp/azurerm\"]",
      "instances": [
        {
          "schema_version": 1,
          "attributes": {
            "description": "Work Purporse",
            "friendly_name": "avd-rj-wrkspc",
            "id": "/subscriptions/7647aa49-8bab-4d06-ab57-a8182cbfe225/resourceGroups/rj-avd/providers/Microsoft.DesktopVirtualization/workspaces/workspace=avd",
            "location": "eastus",
            "name": "workspace=avd",
            "resource_group_name": "rj-avd",
            "tags": null,
            "timeouts": null
          },
          "sensitive_attributes": [],
          "private": "eyJlMmJmYjczMC1lY2FhLTExZTYtOGY4OC0zNDM2M2JjN2M0YzAiOnsiY3JlYXRlIjozNjAwMDAwMDAwMDAwLCJkZWxldGUiOjM2MDAwMDAwMDAwMDAsInJlYWQiOjMwMDAwMDAwMDAwMCwidXBkYXRlIjozNjAwMDAwMDAwMDAwfSwic2NoZW1hX3ZlcnNpb24iOiIxIn0=",
          "dependencies": [
            "azurerm_resource_group.rg-avd"
          ]
        }
      ]
    },
    {
      "mode": "managed",
      "type": "azurerm_virtual_desktop_workspace_application_group_association",
      "name": "workspaceremoteapp",
      "provider": "provider[\"registry.terraform.io/hashicorp/azurerm\"]",
      "instances": [
        {
          "schema_version": 1,
          "attributes": {
            "application_group_id": "/subscriptions/7647aa49-8bab-4d06-ab57-a8182cbfe225/resourceGroups/rj-avd/providers/Microsoft.DesktopVirtualization/applicationGroups/Desktop-avd",
            "id": "/subscriptions/7647aa49-8bab-4d06-ab57-a8182cbfe225/resourceGroups/rj-avd/providers/Microsoft.DesktopVirtualization/workspaces/workspace=avd|/subscriptions/7647aa49-8bab-4d06-ab57-a8182cbfe225/resourceGroups/rj-avd/providers/Microsoft.DesktopVirtualization/applicationGroups/Desktop-avd",
            "timeouts": null,
            "workspace_id": "/subscriptions/7647aa49-8bab-4d06-ab57-a8182cbfe225/resourceGroups/rj-avd/providers/Microsoft.DesktopVirtualization/workspaces/workspace=avd"
          },
          "sensitive_attributes": [],
          "private": "eyJlMmJmYjczMC1lY2FhLTExZTYtOGY4OC0zNDM2M2JjN2M0YzAiOnsiY3JlYXRlIjozNjAwMDAwMDAwMDAwLCJkZWxldGUiOjM2MDAwMDAwMDAwMDAsInJlYWQiOjMwMDAwMDAwMDAwMCwidXBkYXRlIjozNjAwMDAwMDAwMDAwfSwic2NoZW1hX3ZlcnNpb24iOiIxIn0=",
          "dependencies": [
            "azurerm_resource_group.rg-avd",
            "azurerm_virtual_desktop_application_group.desktopapp",
            "azurerm_virtual_desktop_host_pool.avd-hp",
            "azurerm_virtual_desktop_workspace.workspace"
          ]
        }
      ]
    },
    {
      "mode": "managed",
      "type": "azurerm_virtual_machine_extension",
      "name": "AADLoginForWindows",
      "provider": "provider[\"registry.terraform.io/hashicorp/azurerm\"]",
      "instances": [
        {
          "index_key": 0,
          "schema_version": 0,
          "attributes": {
            "auto_upgrade_minor_version": true,
            "automatic_upgrade_enabled": false,
            "failure_suppression_enabled": false,
            "id": "/subscriptions/7647aa49-8bab-4d06-ab57-a8182cbfe225/resourceGroups/rj-avd/providers/Microsoft.Compute/virtualMachines/rj-avd-vm-0/extensions/AADLoginForWindows",
            "name": "AADLoginForWindows",
            "protected_settings": null,
            "protected_settings_from_key_vault": [],
            "publisher": "Microsoft.Azure.ActiveDirectory",
            "settings": null,
            "tags": null,
            "timeouts": null,
            "type": "AADLoginForWindows",
            "type_handler_version": "2.0",
            "virtual_machine_id": "/subscriptions/7647aa49-8bab-4d06-ab57-a8182cbfe225/resourceGroups/rj-avd/providers/Microsoft.Compute/virtualMachines/rj-avd-vm-0"
          },
          "sensitive_attributes": [],
          "private": "eyJlMmJmYjczMC1lY2FhLTExZTYtOGY4OC0zNDM2M2JjN2M0YzAiOnsiY3JlYXRlIjoxODAwMDAwMDAwMDAwLCJkZWxldGUiOjE4MDAwMDAwMDAwMDAsInJlYWQiOjMwMDAwMDAwMDAwMCwidXBkYXRlIjoxODAwMDAwMDAwMDAwfX0=",
          "dependencies": [
            "azurerm_network_interface.sessionhost_nic",
            "azurerm_public_ip.pip",
            "azurerm_resource_group.rg-avd",
            "azurerm_subnet.defaultSubnet",
            "azurerm_virtual_desktop_host_pool.avd-hp",
            "azurerm_virtual_desktop_host_pool_registration_info.registration_info",
            "azurerm_virtual_machine_extension.AVDModule",
            "azurerm_virtual_network.vnet",
            "azurerm_windows_virtual_machine.sessionhost"
          ]
        },
        {
          "index_key": 1,
          "schema_version": 0,
          "attributes": {
            "auto_upgrade_minor_version": true,
            "automatic_upgrade_enabled": false,
            "failure_suppression_enabled": false,
            "id": "/subscriptions/7647aa49-8bab-4d06-ab57-a8182cbfe225/resourceGroups/rj-avd/providers/Microsoft.Compute/virtualMachines/rj-avd-vm-1/extensions/AADLoginForWindows",
            "name": "AADLoginForWindows",
            "protected_settings": null,
            "protected_settings_from_key_vault": [],
            "publisher": "Microsoft.Azure.ActiveDirectory",
            "settings": null,
            "tags": null,
            "timeouts": null,
            "type": "AADLoginForWindows",
            "type_handler_version": "2.0",
            "virtual_machine_id": "/subscriptions/7647aa49-8bab-4d06-ab57-a8182cbfe225/resourceGroups/rj-avd/providers/Microsoft.Compute/virtualMachines/rj-avd-vm-1"
          },
          "sensitive_attributes": [],
          "private": "eyJlMmJmYjczMC1lY2FhLTExZTYtOGY4OC0zNDM2M2JjN2M0YzAiOnsiY3JlYXRlIjoxODAwMDAwMDAwMDAwLCJkZWxldGUiOjE4MDAwMDAwMDAwMDAsInJlYWQiOjMwMDAwMDAwMDAwMCwidXBkYXRlIjoxODAwMDAwMDAwMDAwfX0=",
          "dependencies": [
            "azurerm_network_interface.sessionhost_nic",
            "azurerm_public_ip.pip",
            "azurerm_resource_group.rg-avd",
            "azurerm_subnet.defaultSubnet",
            "azurerm_virtual_desktop_host_pool.avd-hp",
            "azurerm_virtual_desktop_host_pool_registration_info.registration_info",
            "azurerm_virtual_machine_extension.AVDModule",
            "azurerm_virtual_network.vnet",
            "azurerm_windows_virtual_machine.sessionhost"
          ]
        }
      ]
    },
    {
      "mode": "managed",
      "type": "azurerm_virtual_machine_extension",
      "name": "AVDModule",
      "provider": "provider[\"registry.terraform.io/hashicorp/azurerm\"]",
      "instances": [
        {
          "index_key": 0,
          "schema_version": 0,
          "attributes": {
            "auto_upgrade_minor_version": false,
            "automatic_upgrade_enabled": false,
            "failure_suppression_enabled": false,
            "id": "/subscriptions/7647aa49-8bab-4d06-ab57-a8182cbfe225/resourceGroups/rj-avd/providers/Microsoft.Compute/virtualMachines/rj-avd-vm-0/extensions/Microsoft.PowerShell.DSC",
            "name": "Microsoft.PowerShell.DSC",
            "protected_settings": "  {\r\n    \"properties\": {\r\n      \"registrationInfoToken\": \"eyJhbGciOiJSUzI1NiIsImtpZCI6IkVEOTg0NzBDQ0QwNDBCNDBFRDkwNTIyQTAxQkNCMUY4M0UwQjkyNzEiLCJ0eXAiOiJKV1QifQ.eyJSZWdpc3RyYXRpb25JZCI6ImYzOWNkOTI5LTg3OTYtNGExNy1iODA2LTQzOTJiZTEwMTQ2OCIsIkJyb2tlclVyaSI6Imh0dHBzOi8vcmRicm9rZXItZy11cy1yMC53dmQubWljcm9zb2Z0LmNvbS8iLCJEaWFnbm9zdGljc1VyaSI6Imh0dHBzOi8vcmRkaWFnbm9zdGljcy1nLXVzLXIwLnd2ZC5taWNyb3NvZnQuY29tLyIsIkVuZHBvaW50UG9vbElkIjoiMTIzMzMxMjItMGE1YS00ZjUwLTgxMzQtOTAyNDZmNTFjOGIxIiwiR2xvYmFsQnJva2VyVXJpIjoiaHR0cHM6Ly9yZGJyb2tlci53dmQubWljcm9zb2Z0LmNvbS8iLCJHZW9ncmFwaHkiOiJVUyIsIkdsb2JhbEJyb2tlclJlc291cmNlSWRVcmkiOiJodHRwczovLzEyMzMzMTIyLTBhNWEtNGY1MC04MTM0LTkwMjQ2ZjUxYzhiMS5yZGJyb2tlci53dmQubWljcm9zb2Z0LmNvbS8iLCJCcm9rZXJSZXNvdXJjZUlkVXJpIjoiaHR0cHM6Ly8xMjMzMzEyMi0wYTVhLTRmNTAtODEzNC05MDI0NmY1MWM4YjEucmRicm9rZXItZy11cy1yMC53dmQubWljcm9zb2Z0LmNvbS8iLCJEaWFnbm9zdGljc1Jlc291cmNlSWRVcmkiOiJodHRwczovLzEyMzMzMTIyLTBhNWEtNGY1MC04MTM0LTkwMjQ2ZjUxYzhiMS5yZGRpYWdub3N0aWNzLWctdXMtcjAud3ZkLm1pY3Jvc29mdC5jb20vIiwiQUFEVGVuYW50SWQiOiI2NjA5M2RmMi02NzJkLTQxNDItYTI3My01YWJkMjUzZmVkN2MiLCJuYmYiOjE3Mzc2ODUxMTMsImV4cCI6MTc0MDAyNDAwMCwiaXNzIjoiUkRJbmZyYVRva2VuTWFuYWdlciIsImF1ZCI6IlJEbWkifQ.B6jQQvLOJxet1an0RSa4HADQ6yWKf7jjpuMoFJthc-3TAw7G3kNOsYEIdsNplZGR1KQOapqjz3W0gmD6bcKeXb52KfwNkI4ab9DzVjU5cHWD0j96Q6YYCP7QxcCo-v9e9iIxnbC9vOsfpxqXwhuk1d2UcX0P5bOAkl6n6_2VdUsvjQCBb08nlagJXI1qkvgxAg_s5D0fLxS1j72mKMHMxvfCMdoU0MDZizaKWhbnWIFKstEHmJOl66DUwrieeGC_L9rOW8IOkYSpuKBSQoa1y_IER93aaj7TO_k4aeTZgj-qcWkRjkeNRFbeb9POLxAmtYxF_4Y45CoNRLCCEfv43A\"\r\n    }\r\n  }\r\n",
            "protected_settings_from_key_vault": [],
            "publisher": "Microsoft.Powershell",
            "settings": "{\"ConfigurationFunction\":\"Configuration.ps1\\\\AddSessionHost\",\"Properties\":{\"aadJoin\":true,\"hostPoolName\":\"avdhostpool\"},\"modulesUrl\":\"https://wvdportalstorageblob.blob.core.windows.net/galleryartifacts/Configuration_11-22-2021.zip\"}",
            "tags": null,
            "timeouts": null,
            "type": "DSC",
            "type_handler_version": "2.73",
            "virtual_machine_id": "/subscriptions/7647aa49-8bab-4d06-ab57-a8182cbfe225/resourceGroups/rj-avd/providers/Microsoft.Compute/virtualMachines/rj-avd-vm-0"
          },
          "sensitive_attributes": [
            [
              {
                "type": "get_attr",
                "value": "protected_settings"
              }
            ]
          ],
          "private": "eyJlMmJmYjczMC1lY2FhLTExZTYtOGY4OC0zNDM2M2JjN2M0YzAiOnsiY3JlYXRlIjoxODAwMDAwMDAwMDAwLCJkZWxldGUiOjE4MDAwMDAwMDAwMDAsInJlYWQiOjMwMDAwMDAwMDAwMCwidXBkYXRlIjoxODAwMDAwMDAwMDAwfX0=",
          "dependencies": [
            "azurerm_network_interface.sessionhost_nic",
            "azurerm_public_ip.pip",
            "azurerm_resource_group.rg-avd",
            "azurerm_subnet.defaultSubnet",
            "azurerm_virtual_desktop_host_pool.avd-hp",
            "azurerm_virtual_desktop_host_pool_registration_info.registration_info",
            "azurerm_virtual_network.vnet",
            "azurerm_windows_virtual_machine.sessionhost"
          ]
        },
        {
          "index_key": 1,
          "schema_version": 0,
          "attributes": {
            "auto_upgrade_minor_version": false,
            "automatic_upgrade_enabled": false,
            "failure_suppression_enabled": false,
            "id": "/subscriptions/7647aa49-8bab-4d06-ab57-a8182cbfe225/resourceGroups/rj-avd/providers/Microsoft.Compute/virtualMachines/rj-avd-vm-1/extensions/Microsoft.PowerShell.DSC",
            "name": "Microsoft.PowerShell.DSC",
            "protected_settings": "  {\r\n    \"properties\": {\r\n      \"registrationInfoToken\": \"eyJhbGciOiJSUzI1NiIsImtpZCI6IkVEOTg0NzBDQ0QwNDBCNDBFRDkwNTIyQTAxQkNCMUY4M0UwQjkyNzEiLCJ0eXAiOiJKV1QifQ.eyJSZWdpc3RyYXRpb25JZCI6ImYzOWNkOTI5LTg3OTYtNGExNy1iODA2LTQzOTJiZTEwMTQ2OCIsIkJyb2tlclVyaSI6Imh0dHBzOi8vcmRicm9rZXItZy11cy1yMC53dmQubWljcm9zb2Z0LmNvbS8iLCJEaWFnbm9zdGljc1VyaSI6Imh0dHBzOi8vcmRkaWFnbm9zdGljcy1nLXVzLXIwLnd2ZC5taWNyb3NvZnQuY29tLyIsIkVuZHBvaW50UG9vbElkIjoiMTIzMzMxMjItMGE1YS00ZjUwLTgxMzQtOTAyNDZmNTFjOGIxIiwiR2xvYmFsQnJva2VyVXJpIjoiaHR0cHM6Ly9yZGJyb2tlci53dmQubWljcm9zb2Z0LmNvbS8iLCJHZW9ncmFwaHkiOiJVUyIsIkdsb2JhbEJyb2tlclJlc291cmNlSWRVcmkiOiJodHRwczovLzEyMzMzMTIyLTBhNWEtNGY1MC04MTM0LTkwMjQ2ZjUxYzhiMS5yZGJyb2tlci53dmQubWljcm9zb2Z0LmNvbS8iLCJCcm9rZXJSZXNvdXJjZUlkVXJpIjoiaHR0cHM6Ly8xMjMzMzEyMi0wYTVhLTRmNTAtODEzNC05MDI0NmY1MWM4YjEucmRicm9rZXItZy11cy1yMC53dmQubWljcm9zb2Z0LmNvbS8iLCJEaWFnbm9zdGljc1Jlc291cmNlSWRVcmkiOiJodHRwczovLzEyMzMzMTIyLTBhNWEtNGY1MC04MTM0LTkwMjQ2ZjUxYzhiMS5yZGRpYWdub3N0aWNzLWctdXMtcjAud3ZkLm1pY3Jvc29mdC5jb20vIiwiQUFEVGVuYW50SWQiOiI2NjA5M2RmMi02NzJkLTQxNDItYTI3My01YWJkMjUzZmVkN2MiLCJuYmYiOjE3Mzc2ODUxMTMsImV4cCI6MTc0MDAyNDAwMCwiaXNzIjoiUkRJbmZyYVRva2VuTWFuYWdlciIsImF1ZCI6IlJEbWkifQ.B6jQQvLOJxet1an0RSa4HADQ6yWKf7jjpuMoFJthc-3TAw7G3kNOsYEIdsNplZGR1KQOapqjz3W0gmD6bcKeXb52KfwNkI4ab9DzVjU5cHWD0j96Q6YYCP7QxcCo-v9e9iIxnbC9vOsfpxqXwhuk1d2UcX0P5bOAkl6n6_2VdUsvjQCBb08nlagJXI1qkvgxAg_s5D0fLxS1j72mKMHMxvfCMdoU0MDZizaKWhbnWIFKstEHmJOl66DUwrieeGC_L9rOW8IOkYSpuKBSQoa1y_IER93aaj7TO_k4aeTZgj-qcWkRjkeNRFbeb9POLxAmtYxF_4Y45CoNRLCCEfv43A\"\r\n    }\r\n  }\r\n",
            "protected_settings_from_key_vault": [],
            "publisher": "Microsoft.Powershell",
            "settings": "{\"ConfigurationFunction\":\"Configuration.ps1\\\\AddSessionHost\",\"Properties\":{\"aadJoin\":true,\"hostPoolName\":\"avdhostpool\"},\"modulesUrl\":\"https://wvdportalstorageblob.blob.core.windows.net/galleryartifacts/Configuration_11-22-2021.zip\"}",
            "tags": null,
            "timeouts": null,
            "type": "DSC",
            "type_handler_version": "2.73",
            "virtual_machine_id": "/subscriptions/7647aa49-8bab-4d06-ab57-a8182cbfe225/resourceGroups/rj-avd/providers/Microsoft.Compute/virtualMachines/rj-avd-vm-1"
          },
          "sensitive_attributes": [
            [
              {
                "type": "get_attr",
                "value": "protected_settings"
              }
            ]
          ],
          "private": "eyJlMmJmYjczMC1lY2FhLTExZTYtOGY4OC0zNDM2M2JjN2M0YzAiOnsiY3JlYXRlIjoxODAwMDAwMDAwMDAwLCJkZWxldGUiOjE4MDAwMDAwMDAwMDAsInJlYWQiOjMwMDAwMDAwMDAwMCwidXBkYXRlIjoxODAwMDAwMDAwMDAwfX0=",
          "dependencies": [
            "azurerm_network_interface.sessionhost_nic",
            "azurerm_public_ip.pip",
            "azurerm_resource_group.rg-avd",
            "azurerm_subnet.defaultSubnet",
            "azurerm_virtual_desktop_host_pool.avd-hp",
            "azurerm_virtual_desktop_host_pool_registration_info.registration_info",
            "azurerm_virtual_network.vnet",
            "azurerm_windows_virtual_machine.sessionhost"
          ]
        }
      ]
    },
    {
      "mode": "managed",
      "type": "azurerm_virtual_machine_extension",
      "name": "addaadjprivate",
      "provider": "provider[\"registry.terraform.io/hashicorp/azurerm\"]",
      "instances": [
        {
          "index_key": 0,
          "schema_version": 0,
          "attributes": {
            "auto_upgrade_minor_version": false,
            "automatic_upgrade_enabled": false,
            "failure_suppression_enabled": false,
            "id": "/subscriptions/7647aa49-8bab-4d06-ab57-a8182cbfe225/resourceGroups/rj-avd/providers/Microsoft.Compute/virtualMachines/rj-avd-vm-0/extensions/AADJPRIVATE",
            "name": "AADJPRIVATE",
            "protected_settings": null,
            "protected_settings_from_key_vault": [],
            "publisher": "Microsoft.Compute",
            "settings": "{\"commandToExecute\":\"powershell.exe -Command \\\"New-Item -Path HKLM:/SOFTWARE/Microsoft/RDInfraAgent/AADJPrivate; shutdown -r -t 10; exit 0\\\"\"}",
            "tags": null,
            "timeouts": null,
            "type": "CustomScriptExtension",
            "type_handler_version": "1.9",
            "virtual_machine_id": "/subscriptions/7647aa49-8bab-4d06-ab57-a8182cbfe225/resourceGroups/rj-avd/providers/Microsoft.Compute/virtualMachines/rj-avd-vm-0"
          },
          "sensitive_attributes": [],
          "private": "eyJlMmJmYjczMC1lY2FhLTExZTYtOGY4OC0zNDM2M2JjN2M0YzAiOnsiY3JlYXRlIjoxODAwMDAwMDAwMDAwLCJkZWxldGUiOjE4MDAwMDAwMDAwMDAsInJlYWQiOjMwMDAwMDAwMDAwMCwidXBkYXRlIjoxODAwMDAwMDAwMDAwfX0=",
          "dependencies": [
            "azurerm_network_interface.sessionhost_nic",
            "azurerm_public_ip.pip",
            "azurerm_resource_group.rg-avd",
            "azurerm_subnet.defaultSubnet",
            "azurerm_virtual_desktop_host_pool.avd-hp",
            "azurerm_virtual_desktop_host_pool_registration_info.registration_info",
            "azurerm_virtual_machine_extension.AADLoginForWindows",
            "azurerm_virtual_machine_extension.AVDModule",
            "azurerm_virtual_network.vnet",
            "azurerm_windows_virtual_machine.sessionhost"
          ]
        },
        {
          "index_key": 1,
          "schema_version": 0,
          "attributes": {
            "auto_upgrade_minor_version": false,
            "automatic_upgrade_enabled": false,
            "failure_suppression_enabled": false,
            "id": "/subscriptions/7647aa49-8bab-4d06-ab57-a8182cbfe225/resourceGroups/rj-avd/providers/Microsoft.Compute/virtualMachines/rj-avd-vm-1/extensions/AADJPRIVATE",
            "name": "AADJPRIVATE",
            "protected_settings": null,
            "protected_settings_from_key_vault": [],
            "publisher": "Microsoft.Compute",
            "settings": "{\"commandToExecute\":\"powershell.exe -Command \\\"New-Item -Path HKLM:/SOFTWARE/Microsoft/RDInfraAgent/AADJPrivate; shutdown -r -t 10; exit 0\\\"\"}",
            "tags": null,
            "timeouts": null,
            "type": "CustomScriptExtension",
            "type_handler_version": "1.9",
            "virtual_machine_id": "/subscriptions/7647aa49-8bab-4d06-ab57-a8182cbfe225/resourceGroups/rj-avd/providers/Microsoft.Compute/virtualMachines/rj-avd-vm-1"
          },
          "sensitive_attributes": [],
          "private": "eyJlMmJmYjczMC1lY2FhLTExZTYtOGY4OC0zNDM2M2JjN2M0YzAiOnsiY3JlYXRlIjoxODAwMDAwMDAwMDAwLCJkZWxldGUiOjE4MDAwMDAwMDAwMDAsInJlYWQiOjMwMDAwMDAwMDAwMCwidXBkYXRlIjoxODAwMDAwMDAwMDAwfX0=",
          "dependencies": [
            "azurerm_network_interface.sessionhost_nic",
            "azurerm_public_ip.pip",
            "azurerm_resource_group.rg-avd",
            "azurerm_subnet.defaultSubnet",
            "azurerm_virtual_desktop_host_pool.avd-hp",
            "azurerm_virtual_desktop_host_pool_registration_info.registration_info",
            "azurerm_virtual_machine_extension.AADLoginForWindows",
            "azurerm_virtual_machine_extension.AVDModule",
            "azurerm_virtual_network.vnet",
            "azurerm_windows_virtual_machine.sessionhost"
          ]
        }
      ]
    },
    {
      "mode": "managed",
      "type": "azurerm_virtual_network",
      "name": "vnet",
      "provider": "provider[\"registry.terraform.io/hashicorp/azurerm\"]",
      "instances": [
        {
          "schema_version": 0,
          "attributes": {
            "address_space": [
              "10.0.0.0/16"
            ],
            "bgp_community": "",
            "ddos_protection_plan": [],
            "dns_servers": [],
            "edge_zone": "",
            "flow_timeout_in_minutes": 0,
            "guid": "e34151b3-3196-4a60-8935-1e4defb2f456",
            "id": "/subscriptions/7647aa49-8bab-4d06-ab57-a8182cbfe225/resourceGroups/rj-avd/providers/Microsoft.Network/virtualNetworks/vnet-avd",
            "location": "eastus",
            "name": "vnet-avd",
            "resource_group_name": "rj-avd",
            "subnet": [],
            "tags": null,
            "timeouts": null
          },
          "sensitive_attributes": [],
          "private": "eyJlMmJmYjczMC1lY2FhLTExZTYtOGY4OC0zNDM2M2JjN2M0YzAiOnsiY3JlYXRlIjoxODAwMDAwMDAwMDAwLCJkZWxldGUiOjE4MDAwMDAwMDAwMDAsInJlYWQiOjMwMDAwMDAwMDAwMCwidXBkYXRlIjoxODAwMDAwMDAwMDAwfX0=",
          "dependencies": [
            "azurerm_resource_group.rg-avd"
          ]
        }
      ]
    },
    {
      "mode": "managed",
      "type": "azurerm_windows_virtual_machine",
      "name": "sessionhost",
      "provider": "provider[\"registry.terraform.io/hashicorp/azurerm\"]",
      "instances": [
        {
          "index_key": 0,
          "schema_version": 0,
          "attributes": {
            "additional_capabilities": [
              {
                "ultra_ssd_enabled": false
              }
            ],
            "additional_unattend_content": [],
            "admin_password": "P@ssW0rd1234",
            "admin_username": "adminuser",
            "allow_extension_operations": true,
            "availability_set_id": "",
            "boot_diagnostics": [
              {
                "storage_account_uri": ""
              }
            ],
            "capacity_reservation_group_id": "",
            "computer_name": "rj-avd-vm-0",
            "custom_data": null,
            "dedicated_host_group_id": "",
            "dedicated_host_id": "",
            "edge_zone": "",
            "enable_automatic_updates": true,
            "encryption_at_host_enabled": false,
            "eviction_policy": "",
            "extensions_time_budget": "PT1H30M",
            "gallery_application": [],
            "hotpatching_enabled": false,
            "id": "/subscriptions/7647aa49-8bab-4d06-ab57-a8182cbfe225/resourceGroups/rj-avd/providers/Microsoft.Compute/virtualMachines/rj-avd-vm-0",
            "identity": [
              {
                "identity_ids": null,
                "principal_id": "cfb8f9b1-97c5-4e24-8cda-98d557ee089e",
                "tenant_id": "66093df2-672d-4142-a273-5abd253fed7c",
                "type": "SystemAssigned"
              }
            ],
            "license_type": "Windows_Client",
            "location": "eastus",
            "max_bid_price": -1,
            "name": "rj-avd-vm-0",
            "network_interface_ids": [
              "/subscriptions/7647aa49-8bab-4d06-ab57-a8182cbfe225/resourceGroups/rj-avd/providers/Microsoft.Network/networkInterfaces/nic-rj-avd-0"
            ],
            "os_disk": [
              {
                "caching": "ReadWrite",
                "diff_disk_settings": [],
                "disk_encryption_set_id": "",
                "disk_size_gb": 127,
                "name": "rj-avd-vm-0_OsDisk_1_edce67c2ff3c4f0c9ed7716670d6f005",
                "secure_vm_disk_encryption_set_id": "",
                "security_encryption_type": "",
                "storage_account_type": "StandardSSD_LRS",
                "write_accelerator_enabled": false
              }
            ],
            "patch_assessment_mode": "ImageDefault",
            "patch_mode": "AutomaticByOS",
            "plan": [],
            "platform_fault_domain": -1,
            "priority": "Regular",
            "private_ip_address": "10.0.0.4",
            "private_ip_addresses": [
              "10.0.0.4"
            ],
            "provision_vm_agent": true,
            "proximity_placement_group_id": "",
            "public_ip_address": "13.90.169.61",
            "public_ip_addresses": [
              "13.90.169.61"
            ],
            "resource_group_name": "rj-avd",
            "secret": [],
            "secure_boot_enabled": true,
            "size": "Standard_D2s_v3",
            "source_image_id": "",
            "source_image_reference": [
              {
                "offer": "office-365",
                "publisher": "microsoftwindowsdesktop",
                "sku": "win10-22h2-avd-m365-g2",
                "version": "latest"
              }
            ],
            "tags": null,
            "termination_notification": null,
            "timeouts": null,
            "timezone": "",
            "user_data": "",
            "virtual_machine_id": "262fcfc9-4c26-4db8-bef7-0d3ceaeaebf5",
            "virtual_machine_scale_set_id": "",
            "vtpm_enabled": false,
            "winrm_listener": [],
            "zone": ""
          },
          "sensitive_attributes": [],
          "private": "eyJlMmJmYjczMC1lY2FhLTExZTYtOGY4OC0zNDM2M2JjN2M0YzAiOnsiY3JlYXRlIjoyNzAwMDAwMDAwMDAwLCJkZWxldGUiOjI3MDAwMDAwMDAwMDAsInJlYWQiOjMwMDAwMDAwMDAwMCwidXBkYXRlIjoyNzAwMDAwMDAwMDAwfX0=",
          "dependencies": [
            "azurerm_network_interface.sessionhost_nic",
            "azurerm_public_ip.pip",
            "azurerm_resource_group.rg-avd",
            "azurerm_subnet.defaultSubnet",
            "azurerm_virtual_network.vnet"
          ]
        },
        {
          "index_key": 1,
          "schema_version": 0,
          "attributes": {
            "additional_capabilities": [
              {
                "ultra_ssd_enabled": false
              }
            ],
            "additional_unattend_content": [],
            "admin_password": "P@ssW0rd1234",
            "admin_username": "adminuser",
            "allow_extension_operations": true,
            "availability_set_id": "",
            "boot_diagnostics": [
              {
                "storage_account_uri": ""
              }
            ],
            "capacity_reservation_group_id": "",
            "computer_name": "rj-avd-vm-1",
            "custom_data": null,
            "dedicated_host_group_id": "",
            "dedicated_host_id": "",
            "edge_zone": "",
            "enable_automatic_updates": true,
            "encryption_at_host_enabled": false,
            "eviction_policy": "",
            "extensions_time_budget": "PT1H30M",
            "gallery_application": [],
            "hotpatching_enabled": false,
            "id": "/subscriptions/7647aa49-8bab-4d06-ab57-a8182cbfe225/resourceGroups/rj-avd/providers/Microsoft.Compute/virtualMachines/rj-avd-vm-1",
            "identity": [
              {
                "identity_ids": null,
                "principal_id": "9a60ec73-9b4d-453a-a0fd-bc9af1dc8898",
                "tenant_id": "66093df2-672d-4142-a273-5abd253fed7c",
                "type": "SystemAssigned"
              }
            ],
            "license_type": "Windows_Client",
            "location": "eastus",
            "max_bid_price": -1,
            "name": "rj-avd-vm-1",
            "network_interface_ids": [
              "/subscriptions/7647aa49-8bab-4d06-ab57-a8182cbfe225/resourceGroups/rj-avd/providers/Microsoft.Network/networkInterfaces/nic-rj-avd-1"
            ],
            "os_disk": [
              {
                "caching": "ReadWrite",
                "diff_disk_settings": [],
                "disk_encryption_set_id": "",
                "disk_size_gb": 127,
                "name": "rj-avd-vm-1_OsDisk_1_ad3a29ec9a5b4908ba97dbeed241693d",
                "secure_vm_disk_encryption_set_id": "",
                "security_encryption_type": "",
                "storage_account_type": "StandardSSD_LRS",
                "write_accelerator_enabled": false
              }
            ],
            "patch_assessment_mode": "ImageDefault",
            "patch_mode": "AutomaticByOS",
            "plan": [],
            "platform_fault_domain": -1,
            "priority": "Regular",
            "private_ip_address": "10.0.0.5",
            "private_ip_addresses": [
              "10.0.0.5"
            ],
            "provision_vm_agent": true,
            "proximity_placement_group_id": "",
            "public_ip_address": "13.92.59.101",
            "public_ip_addresses": [
              "13.92.59.101"
            ],
            "resource_group_name": "rj-avd",
            "secret": [],
            "secure_boot_enabled": true,
            "size": "Standard_D2s_v3",
            "source_image_id": "",
            "source_image_reference": [
              {
                "offer": "office-365",
                "publisher": "microsoftwindowsdesktop",
                "sku": "win10-22h2-avd-m365-g2",
                "version": "latest"
              }
            ],
            "tags": null,
            "termination_notification": null,
            "timeouts": null,
            "timezone": "",
            "user_data": "",
            "virtual_machine_id": "9bb52559-d247-466a-b584-a185cf04f1c2",
            "virtual_machine_scale_set_id": "",
            "vtpm_enabled": false,
            "winrm_listener": [],
            "zone": ""
          },
          "sensitive_attributes": [],
          "private": "eyJlMmJmYjczMC1lY2FhLTExZTYtOGY4OC0zNDM2M2JjN2M0YzAiOnsiY3JlYXRlIjoyNzAwMDAwMDAwMDAwLCJkZWxldGUiOjI3MDAwMDAwMDAwMDAsInJlYWQiOjMwMDAwMDAwMDAwMCwidXBkYXRlIjoyNzAwMDAwMDAwMDAwfX0=",
          "dependencies": [
            "azurerm_network_interface.sessionhost_nic",
            "azurerm_public_ip.pip",
            "azurerm_resource_group.rg-avd",
            "azurerm_subnet.defaultSubnet",
            "azurerm_virtual_network.vnet"
          ]
        }
      ]
    },
    {
      "mode": "managed",
      "type": "time_rotating",
      "name": "avd_token",
      "provider": "provider[\"registry.terraform.io/hashicorp/time\"]",
      "instances": [
        {
          "schema_version": 0,
          "attributes": {
            "day": 23,
            "hour": 2,
            "id": "2025-01-24T02:17:38Z",
            "minute": 17,
            "month": 2,
            "rfc3339": "2025-01-24T02:17:38Z",
            "rotation_days": 30,
            "rotation_hours": null,
            "rotation_minutes": null,
            "rotation_months": null,
            "rotation_rfc3339": "2025-02-23T02:17:38Z",
            "rotation_years": null,
            "second": 38,
            "triggers": null,
            "unix": 1740277058,
            "year": 2025
          },
          "sensitive_attributes": []
        }
      ]
    }
  ],
  "check_results": null
}
